
Microsoft Visual Studio Solution File, Format Version 12.00
# Visual Studio Version 17
VisualStudioVersion = 17.6.33829.357
MinimumVisualStudioVersion = 10.0.40219.1
Project("{9A19103F-16F7-4668-BE54-9A1E7A4F7556}") = "CyberStore", "CyberStore\CyberStore.csproj", "{D69DA069-99FB-46C6-B23F-AB5B8DB8A3CA}"
EndProject
Project("{9A19103F-16F7-4668-BE54-9A1E7A4F7556}") = "CarRentalCompany", "CarRentalCompany\CarRentalCompany.csproj", "{96721659-CE87-4355-A88D-849CE7D84142}"
EndProject
Project("{9A19103F-16F7-4668-BE54-9A1E7A4F7556}") = "ShapeArea", "ShapeArea\ShapeArea.csproj", "{D6B108F7-0F95-4A84-B168-8CBB564D9DF4}"
EndProject
Project("{9A19103F-16F7-4668-BE54-9A1E7A4F7556}") = "Devices", "Devices\Devices.csproj", "{EED5D31D-1C91-4C25-B2A2-F795C00BB86F}"
EndProject
Project("{9A19103F-16F7-4668-BE54-9A1E7A4F7556}") = "Employees", "Employees\Employees.csproj", "{3144F46C-31B4-4410-B989-1612DE33BCDE}"
EndProject
Project("{9A19103F-16F7-4668-BE54-9A1E7A4F7556}") = "ContractProcess", "ContractProcess\ContractProcess.csproj", "{250885AB-0221-40AA-BFF4-F44C687965A1}"
EndProject
Project("{FAE04EC0-301F-11D3-BF4B-00C04F79EFBC}") = "Printer", "Printer\Printer.csproj", "{D477D8EC-BE2A-4AAE-AD73-7B0E09C5AF9D}"
EndProject
Project("{FAE04EC0-301F-11D3-BF4B-00C04F79EFBC}") = "ConsultingCompany", "ConsultingCompany\ConsultingCompany.csproj", "{28F240DB-C5D6-490E-B550-620B81176F0D}"
EndProject
Global
	GlobalSection(SolutionConfigurationPlatforms) = preSolution
		Debug|Any CPU = Debug|Any CPU
		Release|Any CPU = Release|Any CPU
	EndGlobalSection
	GlobalSection(ProjectConfigurationPlatforms) = postSolution
		{D69DA069-99FB-46C6-B23F-AB5B8DB8A3CA}.Debug|Any CPU.ActiveCfg = Debug|Any CPU
		{D69DA069-99FB-46C6-B23F-AB5B8DB8A3CA}.Debug|Any CPU.Build.0 = Debug|Any CPU
		{D69DA069-99FB-46C6-B23F-AB5B8DB8A3CA}.Release|Any CPU.ActiveCfg = Release|Any CPU
		{D69DA069-99FB-46C6-B23F-AB5B8DB8A3CA}.Release|Any CPU.Build.0 = Release|Any CPU
		{96721659-CE87-4355-A88D-849CE7D84142}.Debug|Any CPU.ActiveCfg = Debug|Any CPU
		{96721659-CE87-4355-A88D-849CE7D84142}.Debug|Any CPU.Build.0 = Debug|Any CPU
		{96721659-CE87-4355-A88D-849CE7D84142}.Release|Any CPU.ActiveCfg = Release|Any CPU
		{96721659-CE87-4355-A88D-849CE7D84142}.Release|Any CPU.Build.0 = Release|Any CPU
		{D6B108F7-0F95-4A84-B168-8CBB564D9DF4}.Debug|Any CPU.ActiveCfg = Debug|Any CPU
		{D6B108F7-0F95-4A84-B168-8CBB564D9DF4}.Debug|Any CPU.Build.0 = Debug|Any CPU
		{D6B108F7-0F95-4A84-B168-8CBB564D9DF4}.Release|Any CPU.ActiveCfg = Release|Any CPU
		{D6B108F7-0F95-4A84-B168-8CBB564D9DF4}.Release|Any CPU.Build.0 = Release|Any CPU
		{EED5D31D-1C91-4C25-B2A2-F795C00BB86F}.Debug|Any CPU.ActiveCfg = Debug|Any CPU
		{EED5D31D-1C91-4C25-B2A2-F795C00BB86F}.Debug|Any CPU.Build.0 = Debug|Any CPU
		{EED5D31D-1C91-4C25-B2A2-F795C00BB86F}.Release|Any CPU.ActiveCfg = Release|Any CPU
		{EED5D31D-1C91-4C25-B2A2-F795C00BB86F}.Release|Any CPU.Build.0 = Release|Any CPU
		{3144F46C-31B4-4410-B989-1612DE33BCDE}.Debug|Any CPU.ActiveCfg = Debug|Any CPU
		{3144F46C-31B4-4410-B989-1612DE33BCDE}.Debug|Any CPU.Build.0 = Debug|Any CPU
		{3144F46C-31B4-4410-B989-1612DE33BCDE}.Release|Any CPU.ActiveCfg = Release|Any CPU
		{3144F46C-31B4-4410-B989-1612DE33BCDE}.Release|Any CPU.Build.0 = Release|Any CPU
		{250885AB-0221-40AA-BFF4-F44C687965A1}.Debug|Any CPU.ActiveCfg = Debug|Any CPU
		{250885AB-0221-40AA-BFF4-F44C687965A1}.Debug|Any CPU.Build.0 = Debug|Any CPU
		{250885AB-0221-40AA-BFF4-F44C687965A1}.Release|Any CPU.ActiveCfg = Release|Any CPU
		{250885AB-0221-40AA-BFF4-F44C687965A1}.Release|Any CPU.Build.0 = Release|Any CPU
		{D477D8EC-BE2A-4AAE-AD73-7B0E09C5AF9D}.Debug|Any CPU.ActiveCfg = Debug|Any CPU
		{D477D8EC-BE2A-4AAE-AD73-7B0E09C5AF9D}.Debug|Any CPU.Build.0 = Debug|Any CPU
		{D477D8EC-BE2A-4AAE-AD73-7B0E09C5AF9D}.Release|Any CPU.ActiveCfg = Release|Any CPU
		{D477D8EC-BE2A-4AAE-AD73-7B0E09C5AF9D}.Release|Any CPU.Build.0 = Release|Any CPU
		{28F240DB-C5D6-490E-B550-620B81176F0D}.Debug|Any CPU.ActiveCfg = Debug|Any CPU
		{28F240DB-C5D6-490E-B550-620B81176F0D}.Debug|Any CPU.Build.0 = Debug|Any CPU
		{28F240DB-C5D6-490E-B550-620B81176F0D}.Release|Any CPU.ActiveCfg = Release|Any CPU
		{28F240DB-C5D6-490E-B550-620B81176F0D}.Release|Any CPU.Build.0 = Release|Any CPU
	EndGlobalSection
	GlobalSection(SolutionProperties) = preSolution
		HideSolutionNode = FALSE
	EndGlobalSection
	GlobalSection(ExtensibilityGlobals) = postSolution
		SolutionGuid = {B560226E-81C3-435D-95ED-B9567E853BF1}
	EndGlobalSection
EndGlobal
