
Microsoft Visual Studio Solution File, Format Version 12.00
# Visual Studio Version 17
VisualStudioVersion = 17.6.33829.357
MinimumVisualStudioVersion = 10.0.40219.1
Project("{9A19103F-16F7-4668-BE54-9A1E7A4F7556}") = "CyberStore", "CyberStore\CyberStore.csproj", "{D69DA069-99FB-46C6-B23F-AB5B8DB8A3CA}"
EndProject
Project("{9A19103F-16F7-4668-BE54-9A1E7A4F7556}") = "CarRentalCompany", "CarRentalCompany\CarRentalCompany.csproj", "{96721659-CE87-4355-A88D-849CE7D84142}"
EndProject
Project("{9A19103F-16F7-4668-BE54-9A1E7A4F7556}") = "ShapeArea", "ShapeArea\ShapeArea.csproj", "{D6B108F7-0F95-4A84-B168-8CBB564D9DF4}"
EndProject
Project("{9A19103F-16F7-4668-BE54-9A1E7A4F7556}") = "Devices", "Devices\Devices.csproj", "{EED5D31D-1C91-4C25-B2A2-F795C00BB86F}"
EndProject
Project("{9A19103F-16F7-4668-BE54-9A1E7A4F7556}") = "Employees", "Employees\Employees.csproj", "{3144F46C-31B4-4410-B989-1612DE33BCDE}"
EndProject
Project("{9A19103F-16F7-4668-BE54-9A1E7A4F7556}") = "ContractProcess", "ContractProcess\ContractProcess.csproj", "{250885AB-0221-40AA-BFF4-F44C687965A1}"
EndProject
Project("{9A19103F-16F7-4668-BE54-9A1E7A4F7556}") = "Printer", "Printer\Printer.csproj", "{D477D8EC-BE2A-4AAE-AD73-7B0E09C5AF9D}"
EndProject
Project("{9A19103F-16F7-4668-BE54-9A1E7A4F7556}") = "ConsultingCompany", "ConsultingCompany\ConsultingCompany.csproj", "{28F240DB-C5D6-490E-B550-620B81176F0D}"
EndProject
Project("{9A19103F-16F7-4668-BE54-9A1E7A4F7556}") = "UserAccess", "UserAccess\UserAccess.csproj", "{A05AB7CE-C607-40F3-851B-CF3EC029399F}"
EndProject
Project("{9A19103F-16F7-4668-BE54-9A1E7A4F7556}") = "Cookies", "Cookies\Cookies.csproj", "{9D6F0C7A-F6D0-41A8-8881-60D05F626272}"
EndProject
Project("{9A19103F-16F7-4668-BE54-9A1E7A4F7556}") = "OnlineCourse", "OnlineCourse\OnlineCourse.csproj", "{1FE30126-2AD6-4EAE-83EB-A5306EE51EC9}"
EndProject
Project("{9A19103F-16F7-4668-BE54-9A1E7A4F7556}") = "VoteCount", "VoteCount\VoteCount.csproj", "{ED972C1F-20B5-492E-A92B-629F6816E9E4}"
EndProject
Project("{9A19103F-16F7-4668-BE54-9A1E7A4F7556}") = "PostTime", "PostTime\PostTime.csproj", "{7CB69C08-8C64-46AE-8FF3-D052844287E6}"
EndProject
Project("{9A19103F-16F7-4668-BE54-9A1E7A4F7556}") = "PostView", "PostView\PostView.csproj", "{009AEBDE-ABFB-4E69-9BCA-DD05945DCB52}"
EndProject
Project("{FAE04EC0-301F-11D3-BF4B-00C04F79EFBC}") = "Marketplace", "Marketplace\Marketplace.csproj", "{2307D4EF-BD34-4343-86CE-2F075FE8D6E3}"
EndProject
Project("{FAE04EC0-301F-11D3-BF4B-00C04F79EFBC}") = "Store", "Store\Store.csproj", "{B799FE90-A6E8-4FE4-B6BA-70880BC6DF83}"
EndProject
Project("{FAE04EC0-301F-11D3-BF4B-00C04F79EFBC}") = "Company", "Company\Company.csproj", "{F98838C0-0264-4182-A775-842FD7231A53}"
EndProject
Project("{2150E333-8FDC-42A3-9474-1A3956D46DE8}") = "Itens de Solução", "Itens de Solução", "{920F9849-7314-4C35-8698-E84A722625A6}"
	ProjectSection(SolutionItems) = preProject
		exercises.txt = exercises.txt
	EndProjectSection
EndProject
Global
	GlobalSection(SolutionConfigurationPlatforms) = preSolution
		Debug|Any CPU = Debug|Any CPU
		Release|Any CPU = Release|Any CPU
	EndGlobalSection
	GlobalSection(ProjectConfigurationPlatforms) = postSolution
		{D69DA069-99FB-46C6-B23F-AB5B8DB8A3CA}.Debug|Any CPU.ActiveCfg = Debug|Any CPU
		{D69DA069-99FB-46C6-B23F-AB5B8DB8A3CA}.Debug|Any CPU.Build.0 = Debug|Any CPU
		{D69DA069-99FB-46C6-B23F-AB5B8DB8A3CA}.Release|Any CPU.ActiveCfg = Release|Any CPU
		{D69DA069-99FB-46C6-B23F-AB5B8DB8A3CA}.Release|Any CPU.Build.0 = Release|Any CPU
		{96721659-CE87-4355-A88D-849CE7D84142}.Debug|Any CPU.ActiveCfg = Debug|Any CPU
		{96721659-CE87-4355-A88D-849CE7D84142}.Debug|Any CPU.Build.0 = Debug|Any CPU
		{96721659-CE87-4355-A88D-849CE7D84142}.Release|Any CPU.ActiveCfg = Release|Any CPU
		{96721659-CE87-4355-A88D-849CE7D84142}.Release|Any CPU.Build.0 = Release|Any CPU
		{D6B108F7-0F95-4A84-B168-8CBB564D9DF4}.Debug|Any CPU.ActiveCfg = Debug|Any CPU
		{D6B108F7-0F95-4A84-B168-8CBB564D9DF4}.Debug|Any CPU.Build.0 = Debug|Any CPU
		{D6B108F7-0F95-4A84-B168-8CBB564D9DF4}.Release|Any CPU.ActiveCfg = Release|Any CPU
		{D6B108F7-0F95-4A84-B168-8CBB564D9DF4}.Release|Any CPU.Build.0 = Release|Any CPU
		{EED5D31D-1C91-4C25-B2A2-F795C00BB86F}.Debug|Any CPU.ActiveCfg = Debug|Any CPU
		{EED5D31D-1C91-4C25-B2A2-F795C00BB86F}.Debug|Any CPU.Build.0 = Debug|Any CPU
		{EED5D31D-1C91-4C25-B2A2-F795C00BB86F}.Release|Any CPU.ActiveCfg = Release|Any CPU
		{EED5D31D-1C91-4C25-B2A2-F795C00BB86F}.Release|Any CPU.Build.0 = Release|Any CPU
		{3144F46C-31B4-4410-B989-1612DE33BCDE}.Debug|Any CPU.ActiveCfg = Debug|Any CPU
		{3144F46C-31B4-4410-B989-1612DE33BCDE}.Debug|Any CPU.Build.0 = Debug|Any CPU
		{3144F46C-31B4-4410-B989-1612DE33BCDE}.Release|Any CPU.ActiveCfg = Release|Any CPU
		{3144F46C-31B4-4410-B989-1612DE33BCDE}.Release|Any CPU.Build.0 = Release|Any CPU
		{250885AB-0221-40AA-BFF4-F44C687965A1}.Debug|Any CPU.ActiveCfg = Debug|Any CPU
		{250885AB-0221-40AA-BFF4-F44C687965A1}.Debug|Any CPU.Build.0 = Debug|Any CPU
		{250885AB-0221-40AA-BFF4-F44C687965A1}.Release|Any CPU.ActiveCfg = Release|Any CPU
		{250885AB-0221-40AA-BFF4-F44C687965A1}.Release|Any CPU.Build.0 = Release|Any CPU
		{D477D8EC-BE2A-4AAE-AD73-7B0E09C5AF9D}.Debug|Any CPU.ActiveCfg = Debug|Any CPU
		{D477D8EC-BE2A-4AAE-AD73-7B0E09C5AF9D}.Debug|Any CPU.Build.0 = Debug|Any CPU
		{D477D8EC-BE2A-4AAE-AD73-7B0E09C5AF9D}.Release|Any CPU.ActiveCfg = Release|Any CPU
		{D477D8EC-BE2A-4AAE-AD73-7B0E09C5AF9D}.Release|Any CPU.Build.0 = Release|Any CPU
		{28F240DB-C5D6-490E-B550-620B81176F0D}.Debug|Any CPU.ActiveCfg = Debug|Any CPU
		{28F240DB-C5D6-490E-B550-620B81176F0D}.Debug|Any CPU.Build.0 = Debug|Any CPU
		{28F240DB-C5D6-490E-B550-620B81176F0D}.Release|Any CPU.ActiveCfg = Release|Any CPU
		{28F240DB-C5D6-490E-B550-620B81176F0D}.Release|Any CPU.Build.0 = Release|Any CPU
		{A05AB7CE-C607-40F3-851B-CF3EC029399F}.Debug|Any CPU.ActiveCfg = Debug|Any CPU
		{A05AB7CE-C607-40F3-851B-CF3EC029399F}.Debug|Any CPU.Build.0 = Debug|Any CPU
		{A05AB7CE-C607-40F3-851B-CF3EC029399F}.Release|Any CPU.ActiveCfg = Release|Any CPU
		{A05AB7CE-C607-40F3-851B-CF3EC029399F}.Release|Any CPU.Build.0 = Release|Any CPU
		{9D6F0C7A-F6D0-41A8-8881-60D05F626272}.Debug|Any CPU.ActiveCfg = Debug|Any CPU
		{9D6F0C7A-F6D0-41A8-8881-60D05F626272}.Debug|Any CPU.Build.0 = Debug|Any CPU
		{9D6F0C7A-F6D0-41A8-8881-60D05F626272}.Release|Any CPU.ActiveCfg = Release|Any CPU
		{9D6F0C7A-F6D0-41A8-8881-60D05F626272}.Release|Any CPU.Build.0 = Release|Any CPU
		{1FE30126-2AD6-4EAE-83EB-A5306EE51EC9}.Debug|Any CPU.ActiveCfg = Debug|Any CPU
		{1FE30126-2AD6-4EAE-83EB-A5306EE51EC9}.Debug|Any CPU.Build.0 = Debug|Any CPU
		{1FE30126-2AD6-4EAE-83EB-A5306EE51EC9}.Release|Any CPU.ActiveCfg = Release|Any CPU
		{1FE30126-2AD6-4EAE-83EB-A5306EE51EC9}.Release|Any CPU.Build.0 = Release|Any CPU
		{ED972C1F-20B5-492E-A92B-629F6816E9E4}.Debug|Any CPU.ActiveCfg = Debug|Any CPU
		{ED972C1F-20B5-492E-A92B-629F6816E9E4}.Debug|Any CPU.Build.0 = Debug|Any CPU
		{ED972C1F-20B5-492E-A92B-629F6816E9E4}.Release|Any CPU.ActiveCfg = Release|Any CPU
		{ED972C1F-20B5-492E-A92B-629F6816E9E4}.Release|Any CPU.Build.0 = Release|Any CPU
		{7CB69C08-8C64-46AE-8FF3-D052844287E6}.Debug|Any CPU.ActiveCfg = Debug|Any CPU
		{7CB69C08-8C64-46AE-8FF3-D052844287E6}.Debug|Any CPU.Build.0 = Debug|Any CPU
		{7CB69C08-8C64-46AE-8FF3-D052844287E6}.Release|Any CPU.ActiveCfg = Release|Any CPU
		{7CB69C08-8C64-46AE-8FF3-D052844287E6}.Release|Any CPU.Build.0 = Release|Any CPU
		{009AEBDE-ABFB-4E69-9BCA-DD05945DCB52}.Debug|Any CPU.ActiveCfg = Debug|Any CPU
		{009AEBDE-ABFB-4E69-9BCA-DD05945DCB52}.Debug|Any CPU.Build.0 = Debug|Any CPU
		{009AEBDE-ABFB-4E69-9BCA-DD05945DCB52}.Release|Any CPU.ActiveCfg = Release|Any CPU
		{009AEBDE-ABFB-4E69-9BCA-DD05945DCB52}.Release|Any CPU.Build.0 = Release|Any CPU
		{2307D4EF-BD34-4343-86CE-2F075FE8D6E3}.Debug|Any CPU.ActiveCfg = Debug|Any CPU
		{2307D4EF-BD34-4343-86CE-2F075FE8D6E3}.Debug|Any CPU.Build.0 = Debug|Any CPU
		{2307D4EF-BD34-4343-86CE-2F075FE8D6E3}.Release|Any CPU.ActiveCfg = Release|Any CPU
		{2307D4EF-BD34-4343-86CE-2F075FE8D6E3}.Release|Any CPU.Build.0 = Release|Any CPU
		{B799FE90-A6E8-4FE4-B6BA-70880BC6DF83}.Debug|Any CPU.ActiveCfg = Debug|Any CPU
		{B799FE90-A6E8-4FE4-B6BA-70880BC6DF83}.Debug|Any CPU.Build.0 = Debug|Any CPU
		{B799FE90-A6E8-4FE4-B6BA-70880BC6DF83}.Release|Any CPU.ActiveCfg = Release|Any CPU
		{B799FE90-A6E8-4FE4-B6BA-70880BC6DF83}.Release|Any CPU.Build.0 = Release|Any CPU
		{F98838C0-0264-4182-A775-842FD7231A53}.Debug|Any CPU.ActiveCfg = Debug|Any CPU
		{F98838C0-0264-4182-A775-842FD7231A53}.Debug|Any CPU.Build.0 = Debug|Any CPU
		{F98838C0-0264-4182-A775-842FD7231A53}.Release|Any CPU.ActiveCfg = Release|Any CPU
		{F98838C0-0264-4182-A775-842FD7231A53}.Release|Any CPU.Build.0 = Release|Any CPU
	EndGlobalSection
	GlobalSection(SolutionProperties) = preSolution
		HideSolutionNode = FALSE
	EndGlobalSection
	GlobalSection(ExtensibilityGlobals) = postSolution
		SolutionGuid = {B560226E-81C3-435D-95ED-B9567E853BF1}
	EndGlobalSection
EndGlobal
